
Microsoft Visual Studio Solution File, Format Version 12.00
# Visual Studio 15
VisualStudioVersion = 15.0.26730.16
MinimumVisualStudioVersion = 10.0.40219.1
Project("{2150E333-8FDC-42A3-9474-1A3956D46DE8}") = "src", "src", "{419A6ACE-0419-4315-A6FB-B0E63D39432E}"
EndProject
Project("{9A19103F-16F7-4668-BE54-9A1E7A4F7556}") = "Infrastructure", "src\UI\Infrastructure\Infrastructure.csproj", "{7C461394-ABDC-43CD-A798-71249C58BA67}"
EndProject
Project("{9A19103F-16F7-4668-BE54-9A1E7A4F7556}") = "Web", "src\UI\Web\Web.csproj", "{9CB6566E-E86A-4C07-BB8D-E0B95BCD4BD2}"
EndProject
Project("{9A19103F-16F7-4668-BE54-9A1E7A4F7556}") = "ApplicationCore", "src\UI\ApplicationCore\ApplicationCore.csproj", "{7FED7440-2311-4D1E-958B-3E887C585CD2}"
EndProject
Project("{2150E333-8FDC-42A3-9474-1A3956D46DE8}") = "Solution Items", "Solution Items", "{0BD72BEA-EF42-4B72-8B69-12A39EC76FBA}"
	ProjectSection(SolutionItems) = preProject
		docker-compose.yml = docker-compose.yml
	EndProjectSection
EndProject
Project("{2150E333-8FDC-42A3-9474-1A3956D46DE8}") = "UI", "UI", "{82921F5E-4BB0-4493-B52F-AE7A8EE7B0A7}"
EndProject
Project("{2150E333-8FDC-42A3-9474-1A3956D46DE8}") = "Common", "Common", "{F4C698E3-BEBB-4AC8-B37E-25CABF2AE025}"
EndProject
Project("{2150E333-8FDC-42A3-9474-1A3956D46DE8}") = "Services", "Services", "{CF991970-4D9F-4D54-8C8A-9F501B499CCC}"
EndProject
Project("{2150E333-8FDC-42A3-9474-1A3956D46DE8}") = "CommandBus", "CommandBus", "{A4A26CC4-179F-4D77-B533-43FA637D1DBE}"
EndProject
Project("{9A19103F-16F7-4668-BE54-9A1E7A4F7556}") = "CommandBus", "src\Common\CommandBus\CommandBus\CommandBus.csproj", "{1FF73FAA-9789-4890-9D13-9427D47149DD}"
EndProject
Project("{9A19103F-16F7-4668-BE54-9A1E7A4F7556}") = "CommandBusRabbitMQ", "src\Common\CommandBus\CommandBusRabbitMQ\CommandBusRabbitMQ.csproj", "{1C1E9E8F-CC89-4196-BF70-CAEDEE36493D}"
EndProject
Project("{2150E333-8FDC-42A3-9474-1A3956D46DE8}") = "EventBus", "EventBus", "{39AF4FA6-705A-4BF7-ABD5-B149EA50C4E9}"
EndProject
Project("{9A19103F-16F7-4668-BE54-9A1E7A4F7556}") = "CommandBus", "src\Common\EventBus\CommandBus\CommandBus.csproj", "{50A4965A-69F0-4F14-B108-B53154CD9EB6}"
EndProject
Project("{9A19103F-16F7-4668-BE54-9A1E7A4F7556}") = "EventBus", "src\Common\EventBus\EventBus\EventBus.csproj", "{70D9A59D-32DE-43E4-9A9D-1D30B1A3FBC3}"
EndProject
Project("{9A19103F-16F7-4668-BE54-9A1E7A4F7556}") = "EventBus.Tests", "src\Common\EventBus\EventBus.Tests\EventBus.Tests.csproj", "{208BD8BC-7965-4B0C-BB08-3E6A1CE5BA2E}"
EndProject
Project("{9A19103F-16F7-4668-BE54-9A1E7A4F7556}") = "EventBusRabbitMQ", "src\Common\EventBus\EventBusRabbitMQ\EventBusRabbitMQ.csproj", "{A35F5478-D8DE-42D5-A2AF-5914EEB1ED84}"
EndProject
Project("{9A19103F-16F7-4668-BE54-9A1E7A4F7556}") = "EventBusServiceBus", "src\Common\EventBus\EventBusserviceBus\EventBusServiceBus.csproj", "{D3A1CD26-8BDD-4709-9DCC-745DBD3D00A2}"
EndProject
Project("{9A19103F-16F7-4668-BE54-9A1E7A4F7556}") = "IntegrationEventLogEF", "src\Common\EventBus\IntegrationEventLogEF\IntegrationEventLogEF.csproj", "{B0620E3A-3718-4FEF-828D-831DDD0D0FDD}"
EndProject
Project("{2150E333-8FDC-42A3-9474-1A3956D46DE8}") = "HealthChecks", "HealthChecks", "{5F65060F-8F83-4D67-9A75-92A423CC9FD2}"
EndProject
Project("{2150E333-8FDC-42A3-9474-1A3956D46DE8}") = "WebHostCustomization", "WebHostCustomization", "{A58A396B-E550-4E1F-A5E5-50D09CCDB038}"
EndProject
Project("{2150E333-8FDC-42A3-9474-1A3956D46DE8}") = "src", "src", "{44FD1F94-7CA7-430C-942C-093DB462B5D6}"
EndProject
Project("{2150E333-8FDC-42A3-9474-1A3956D46DE8}") = "common", "common", "{0A06F8C2-6825-4164-B593-536B7D34E436}"
	ProjectSection(SolutionItems) = preProject
		src\Common\HealthChecks\src\common\Guard.cs = src\Common\HealthChecks\src\common\Guard.cs
	EndProjectSection
EndProject
Project("{9A19103F-16F7-4668-BE54-9A1E7A4F7556}") = "WebHost.Customization", "src\Common\WebHostCustomization\WebHost.Customization\WebHost.Customization.csproj", "{6E940D76-48EA-40A0-B9A0-2ACA894AA9E5}"
EndProject
Project("{9A19103F-16F7-4668-BE54-9A1E7A4F7556}") = "Microsoft.AspNetCore.HealthChecks", "src\Common\HealthChecks\src\Microsoft.AspNetCore.HealthChecks\Microsoft.AspNetCore.HealthChecks.csproj", "{097968D0-F4F9-407E-861D-0CAD3952F37C}"
EndProject
Project("{9A19103F-16F7-4668-BE54-9A1E7A4F7556}") = "Microsoft.Extensions.HealthChecks", "src\Common\HealthChecks\src\Microsoft.Extensions.HealthChecks\Microsoft.Extensions.HealthChecks.csproj", "{185E5DC9-C6EA-4FCE-8738-76B8A2A45813}"
EndProject
Project("{9A19103F-16F7-4668-BE54-9A1E7A4F7556}") = "Microsoft.Extensions.HealthChecks.AzureStorage", "src\Common\HealthChecks\src\Microsoft.Extensions.HealthChecks.AzureStorage\Microsoft.Extensions.HealthChecks.AzureStorage.csproj", "{3B7053C8-4601-4F24-AC3C-43BC5474AFD0}"
EndProject
Project("{9A19103F-16F7-4668-BE54-9A1E7A4F7556}") = "Microsoft.Extensions.HealthChecks.SqlServer", "src\Common\HealthChecks\src\Microsoft.Extensions.HealthChecks.SqlServer\Microsoft.Extensions.HealthChecks.SqlServer.csproj", "{9DD8C5ED-13BB-4B88-879C-10B4E8B58885}"
EndProject
Project("{2150E333-8FDC-42A3-9474-1A3956D46DE8}") = "Catalog", "Catalog", "{F0DCC9FA-11BC-42DE-8BE0-BC3739FFA9EA}"
EndProject
Project("{9A19103F-16F7-4668-BE54-9A1E7A4F7556}") = "Catalog.API", "src\Services\Catalog\Catalog.API\Catalog.API.csproj", "{29240EF8-38F6-4E2D-B187-B4B32B84A57B}"
EndProject
Project("{2150E333-8FDC-42A3-9474-1A3956D46DE8}") = "Basket", "Basket", "{8D6E66D2-7F67-4FC7-AD7E-468CC01EC67D}"
EndProject
Project("{9A19103F-16F7-4668-BE54-9A1E7A4F7556}") = "Basket.API", "src\Services\Basket\Basket.API\Basket.API.csproj", "{A82EAEFC-ECBA-433A-8BE5-7D1E2CACEB84}"
EndProject
Project("{2150E333-8FDC-42A3-9474-1A3956D46DE8}") = "Identity", "Identity", "{E50E7B90-DE5C-44C5-B546-175102BF1141}"
EndProject
Project("{9A19103F-16F7-4668-BE54-9A1E7A4F7556}") = "Identity.API", "src\Services\Identity\Identity.API\Identity.API.csproj", "{C701217E-63EA-4FAD-89C2-6275F2AD1F88}"
EndProject
Global
	GlobalSection(SolutionConfigurationPlatforms) = preSolution
		Debug|Any CPU = Debug|Any CPU
		Release|Any CPU = Release|Any CPU
	EndGlobalSection
	GlobalSection(ProjectConfigurationPlatforms) = postSolution
		{7C461394-ABDC-43CD-A798-71249C58BA67}.Debug|Any CPU.ActiveCfg = Debug|Any CPU
		{7C461394-ABDC-43CD-A798-71249C58BA67}.Debug|Any CPU.Build.0 = Debug|Any CPU
		{7C461394-ABDC-43CD-A798-71249C58BA67}.Release|Any CPU.ActiveCfg = Release|Any CPU
		{7C461394-ABDC-43CD-A798-71249C58BA67}.Release|Any CPU.Build.0 = Release|Any CPU
		{9CB6566E-E86A-4C07-BB8D-E0B95BCD4BD2}.Debug|Any CPU.ActiveCfg = Debug|Any CPU
		{9CB6566E-E86A-4C07-BB8D-E0B95BCD4BD2}.Debug|Any CPU.Build.0 = Debug|Any CPU
		{9CB6566E-E86A-4C07-BB8D-E0B95BCD4BD2}.Release|Any CPU.ActiveCfg = Release|Any CPU
		{9CB6566E-E86A-4C07-BB8D-E0B95BCD4BD2}.Release|Any CPU.Build.0 = Release|Any CPU
		{7FED7440-2311-4D1E-958B-3E887C585CD2}.Debug|Any CPU.ActiveCfg = Debug|Any CPU
		{7FED7440-2311-4D1E-958B-3E887C585CD2}.Debug|Any CPU.Build.0 = Debug|Any CPU
		{7FED7440-2311-4D1E-958B-3E887C585CD2}.Release|Any CPU.ActiveCfg = Release|Any CPU
		{7FED7440-2311-4D1E-958B-3E887C585CD2}.Release|Any CPU.Build.0 = Release|Any CPU
		{1FF73FAA-9789-4890-9D13-9427D47149DD}.Debug|Any CPU.ActiveCfg = Debug|Any CPU
		{1FF73FAA-9789-4890-9D13-9427D47149DD}.Debug|Any CPU.Build.0 = Debug|Any CPU
		{1FF73FAA-9789-4890-9D13-9427D47149DD}.Release|Any CPU.ActiveCfg = Release|Any CPU
		{1FF73FAA-9789-4890-9D13-9427D47149DD}.Release|Any CPU.Build.0 = Release|Any CPU
		{1C1E9E8F-CC89-4196-BF70-CAEDEE36493D}.Debug|Any CPU.ActiveCfg = Debug|Any CPU
		{1C1E9E8F-CC89-4196-BF70-CAEDEE36493D}.Debug|Any CPU.Build.0 = Debug|Any CPU
		{1C1E9E8F-CC89-4196-BF70-CAEDEE36493D}.Release|Any CPU.ActiveCfg = Release|Any CPU
		{1C1E9E8F-CC89-4196-BF70-CAEDEE36493D}.Release|Any CPU.Build.0 = Release|Any CPU
		{50A4965A-69F0-4F14-B108-B53154CD9EB6}.Debug|Any CPU.ActiveCfg = Debug|Any CPU
		{50A4965A-69F0-4F14-B108-B53154CD9EB6}.Debug|Any CPU.Build.0 = Debug|Any CPU
		{50A4965A-69F0-4F14-B108-B53154CD9EB6}.Release|Any CPU.ActiveCfg = Release|Any CPU
		{50A4965A-69F0-4F14-B108-B53154CD9EB6}.Release|Any CPU.Build.0 = Release|Any CPU
		{70D9A59D-32DE-43E4-9A9D-1D30B1A3FBC3}.Debug|Any CPU.ActiveCfg = Debug|Any CPU
		{70D9A59D-32DE-43E4-9A9D-1D30B1A3FBC3}.Debug|Any CPU.Build.0 = Debug|Any CPU
		{70D9A59D-32DE-43E4-9A9D-1D30B1A3FBC3}.Release|Any CPU.ActiveCfg = Release|Any CPU
		{70D9A59D-32DE-43E4-9A9D-1D30B1A3FBC3}.Release|Any CPU.Build.0 = Release|Any CPU
		{208BD8BC-7965-4B0C-BB08-3E6A1CE5BA2E}.Debug|Any CPU.ActiveCfg = Debug|Any CPU
		{208BD8BC-7965-4B0C-BB08-3E6A1CE5BA2E}.Release|Any CPU.ActiveCfg = Release|Any CPU
		{208BD8BC-7965-4B0C-BB08-3E6A1CE5BA2E}.Release|Any CPU.Build.0 = Release|Any CPU
		{A35F5478-D8DE-42D5-A2AF-5914EEB1ED84}.Debug|Any CPU.ActiveCfg = Debug|Any CPU
		{A35F5478-D8DE-42D5-A2AF-5914EEB1ED84}.Debug|Any CPU.Build.0 = Debug|Any CPU
		{A35F5478-D8DE-42D5-A2AF-5914EEB1ED84}.Release|Any CPU.ActiveCfg = Release|Any CPU
		{A35F5478-D8DE-42D5-A2AF-5914EEB1ED84}.Release|Any CPU.Build.0 = Release|Any CPU
		{D3A1CD26-8BDD-4709-9DCC-745DBD3D00A2}.Debug|Any CPU.ActiveCfg = Debug|Any CPU
		{D3A1CD26-8BDD-4709-9DCC-745DBD3D00A2}.Debug|Any CPU.Build.0 = Debug|Any CPU
		{D3A1CD26-8BDD-4709-9DCC-745DBD3D00A2}.Release|Any CPU.ActiveCfg = Release|Any CPU
		{D3A1CD26-8BDD-4709-9DCC-745DBD3D00A2}.Release|Any CPU.Build.0 = Release|Any CPU
		{B0620E3A-3718-4FEF-828D-831DDD0D0FDD}.Debug|Any CPU.ActiveCfg = Debug|Any CPU
		{B0620E3A-3718-4FEF-828D-831DDD0D0FDD}.Debug|Any CPU.Build.0 = Debug|Any CPU
		{B0620E3A-3718-4FEF-828D-831DDD0D0FDD}.Release|Any CPU.ActiveCfg = Release|Any CPU
		{B0620E3A-3718-4FEF-828D-831DDD0D0FDD}.Release|Any CPU.Build.0 = Release|Any CPU
		{6E940D76-48EA-40A0-B9A0-2ACA894AA9E5}.Debug|Any CPU.ActiveCfg = Debug|Any CPU
		{6E940D76-48EA-40A0-B9A0-2ACA894AA9E5}.Debug|Any CPU.Build.0 = Debug|Any CPU
		{6E940D76-48EA-40A0-B9A0-2ACA894AA9E5}.Release|Any CPU.ActiveCfg = Release|Any CPU
		{6E940D76-48EA-40A0-B9A0-2ACA894AA9E5}.Release|Any CPU.Build.0 = Release|Any CPU
		{097968D0-F4F9-407E-861D-0CAD3952F37C}.Debug|Any CPU.ActiveCfg = Debug|Any CPU
		{097968D0-F4F9-407E-861D-0CAD3952F37C}.Debug|Any CPU.Build.0 = Debug|Any CPU
		{097968D0-F4F9-407E-861D-0CAD3952F37C}.Release|Any CPU.ActiveCfg = Release|Any CPU
		{097968D0-F4F9-407E-861D-0CAD3952F37C}.Release|Any CPU.Build.0 = Release|Any CPU
		{185E5DC9-C6EA-4FCE-8738-76B8A2A45813}.Debug|Any CPU.ActiveCfg = Debug|Any CPU
		{185E5DC9-C6EA-4FCE-8738-76B8A2A45813}.Debug|Any CPU.Build.0 = Debug|Any CPU
		{185E5DC9-C6EA-4FCE-8738-76B8A2A45813}.Release|Any CPU.ActiveCfg = Release|Any CPU
		{185E5DC9-C6EA-4FCE-8738-76B8A2A45813}.Release|Any CPU.Build.0 = Release|Any CPU
		{3B7053C8-4601-4F24-AC3C-43BC5474AFD0}.Debug|Any CPU.ActiveCfg = Debug|Any CPU
		{3B7053C8-4601-4F24-AC3C-43BC5474AFD0}.Debug|Any CPU.Build.0 = Debug|Any CPU
		{3B7053C8-4601-4F24-AC3C-43BC5474AFD0}.Release|Any CPU.ActiveCfg = Release|Any CPU
		{3B7053C8-4601-4F24-AC3C-43BC5474AFD0}.Release|Any CPU.Build.0 = Release|Any CPU
		{9DD8C5ED-13BB-4B88-879C-10B4E8B58885}.Debug|Any CPU.ActiveCfg = Debug|Any CPU
		{9DD8C5ED-13BB-4B88-879C-10B4E8B58885}.Debug|Any CPU.Build.0 = Debug|Any CPU
		{9DD8C5ED-13BB-4B88-879C-10B4E8B58885}.Release|Any CPU.ActiveCfg = Release|Any CPU
		{9DD8C5ED-13BB-4B88-879C-10B4E8B58885}.Release|Any CPU.Build.0 = Release|Any CPU
		{29240EF8-38F6-4E2D-B187-B4B32B84A57B}.Debug|Any CPU.ActiveCfg = Debug|Any CPU
		{29240EF8-38F6-4E2D-B187-B4B32B84A57B}.Debug|Any CPU.Build.0 = Debug|Any CPU
		{29240EF8-38F6-4E2D-B187-B4B32B84A57B}.Release|Any CPU.ActiveCfg = Release|Any CPU
		{29240EF8-38F6-4E2D-B187-B4B32B84A57B}.Release|Any CPU.Build.0 = Release|Any CPU
		{A82EAEFC-ECBA-433A-8BE5-7D1E2CACEB84}.Debug|Any CPU.ActiveCfg = Debug|Any CPU
		{A82EAEFC-ECBA-433A-8BE5-7D1E2CACEB84}.Debug|Any CPU.Build.0 = Debug|Any CPU
		{A82EAEFC-ECBA-433A-8BE5-7D1E2CACEB84}.Release|Any CPU.ActiveCfg = Release|Any CPU
		{A82EAEFC-ECBA-433A-8BE5-7D1E2CACEB84}.Release|Any CPU.Build.0 = Release|Any CPU
		{C701217E-63EA-4FAD-89C2-6275F2AD1F88}.Debug|Any CPU.ActiveCfg = Debug|Any CPU
		{C701217E-63EA-4FAD-89C2-6275F2AD1F88}.Debug|Any CPU.Build.0 = Debug|Any CPU
		{C701217E-63EA-4FAD-89C2-6275F2AD1F88}.Release|Any CPU.ActiveCfg = Release|Any CPU
		{C701217E-63EA-4FAD-89C2-6275F2AD1F88}.Release|Any CPU.Build.0 = Release|Any CPU
	EndGlobalSection
	GlobalSection(SolutionProperties) = preSolution
		HideSolutionNode = FALSE
	EndGlobalSection
	GlobalSection(NestedProjects) = preSolution
		{7C461394-ABDC-43CD-A798-71249C58BA67} = {82921F5E-4BB0-4493-B52F-AE7A8EE7B0A7}
		{9CB6566E-E86A-4C07-BB8D-E0B95BCD4BD2} = {82921F5E-4BB0-4493-B52F-AE7A8EE7B0A7}
		{7FED7440-2311-4D1E-958B-3E887C585CD2} = {82921F5E-4BB0-4493-B52F-AE7A8EE7B0A7}
		{82921F5E-4BB0-4493-B52F-AE7A8EE7B0A7} = {419A6ACE-0419-4315-A6FB-B0E63D39432E}
		{F4C698E3-BEBB-4AC8-B37E-25CABF2AE025} = {419A6ACE-0419-4315-A6FB-B0E63D39432E}
		{CF991970-4D9F-4D54-8C8A-9F501B499CCC} = {419A6ACE-0419-4315-A6FB-B0E63D39432E}
		{A4A26CC4-179F-4D77-B533-43FA637D1DBE} = {F4C698E3-BEBB-4AC8-B37E-25CABF2AE025}
		{1FF73FAA-9789-4890-9D13-9427D47149DD} = {A4A26CC4-179F-4D77-B533-43FA637D1DBE}
		{1C1E9E8F-CC89-4196-BF70-CAEDEE36493D} = {A4A26CC4-179F-4D77-B533-43FA637D1DBE}
		{39AF4FA6-705A-4BF7-ABD5-B149EA50C4E9} = {F4C698E3-BEBB-4AC8-B37E-25CABF2AE025}
		{50A4965A-69F0-4F14-B108-B53154CD9EB6} = {39AF4FA6-705A-4BF7-ABD5-B149EA50C4E9}
		{70D9A59D-32DE-43E4-9A9D-1D30B1A3FBC3} = {39AF4FA6-705A-4BF7-ABD5-B149EA50C4E9}
		{208BD8BC-7965-4B0C-BB08-3E6A1CE5BA2E} = {39AF4FA6-705A-4BF7-ABD5-B149EA50C4E9}
		{A35F5478-D8DE-42D5-A2AF-5914EEB1ED84} = {39AF4FA6-705A-4BF7-ABD5-B149EA50C4E9}
		{D3A1CD26-8BDD-4709-9DCC-745DBD3D00A2} = {39AF4FA6-705A-4BF7-ABD5-B149EA50C4E9}
		{B0620E3A-3718-4FEF-828D-831DDD0D0FDD} = {39AF4FA6-705A-4BF7-ABD5-B149EA50C4E9}
		{5F65060F-8F83-4D67-9A75-92A423CC9FD2} = {F4C698E3-BEBB-4AC8-B37E-25CABF2AE025}
		{A58A396B-E550-4E1F-A5E5-50D09CCDB038} = {F4C698E3-BEBB-4AC8-B37E-25CABF2AE025}
		{44FD1F94-7CA7-430C-942C-093DB462B5D6} = {5F65060F-8F83-4D67-9A75-92A423CC9FD2}
		{0A06F8C2-6825-4164-B593-536B7D34E436} = {44FD1F94-7CA7-430C-942C-093DB462B5D6}
		{6E940D76-48EA-40A0-B9A0-2ACA894AA9E5} = {A58A396B-E550-4E1F-A5E5-50D09CCDB038}
		{097968D0-F4F9-407E-861D-0CAD3952F37C} = {44FD1F94-7CA7-430C-942C-093DB462B5D6}
		{185E5DC9-C6EA-4FCE-8738-76B8A2A45813} = {44FD1F94-7CA7-430C-942C-093DB462B5D6}
		{3B7053C8-4601-4F24-AC3C-43BC5474AFD0} = {44FD1F94-7CA7-430C-942C-093DB462B5D6}
		{9DD8C5ED-13BB-4B88-879C-10B4E8B58885} = {44FD1F94-7CA7-430C-942C-093DB462B5D6}
		{F0DCC9FA-11BC-42DE-8BE0-BC3739FFA9EA} = {CF991970-4D9F-4D54-8C8A-9F501B499CCC}
		{29240EF8-38F6-4E2D-B187-B4B32B84A57B} = {F0DCC9FA-11BC-42DE-8BE0-BC3739FFA9EA}
		{8D6E66D2-7F67-4FC7-AD7E-468CC01EC67D} = {CF991970-4D9F-4D54-8C8A-9F501B499CCC}
		{A82EAEFC-ECBA-433A-8BE5-7D1E2CACEB84} = {8D6E66D2-7F67-4FC7-AD7E-468CC01EC67D}
		{E50E7B90-DE5C-44C5-B546-175102BF1141} = {CF991970-4D9F-4D54-8C8A-9F501B499CCC}
		{C701217E-63EA-4FAD-89C2-6275F2AD1F88} = {E50E7B90-DE5C-44C5-B546-175102BF1141}
	EndGlobalSection
	GlobalSection(ExtensibilityGlobals) = postSolution
		SolutionGuid = {49813262-5DA3-4D61-ABD3-493C74CE8C2B}
	EndGlobalSection
EndGlobal
