
Microsoft Visual Studio Solution File, Format Version 12.00
# Visual Studio 15
VisualStudioVersion = 15.0.26730.16
MinimumVisualStudioVersion = 10.0.40219.1
Project("{2150E333-8FDC-42A3-9474-1A3956D46DE8}") = "src", "src", "{419A6ACE-0419-4315-A6FB-B0E63D39432E}"
EndProject
Project("{9A19103F-16F7-4668-BE54-9A1E7A4F7556}") = "Infrastructure", "src\UI\Infrastructure\Infrastructure.csproj", "{7C461394-ABDC-43CD-A798-71249C58BA67}"
EndProject
Project("{9A19103F-16F7-4668-BE54-9A1E7A4F7556}") = "Web", "src\UI\Web\Web.csproj", "{9CB6566E-E86A-4C07-BB8D-E0B95BCD4BD2}"
EndProject
Project("{9A19103F-16F7-4668-BE54-9A1E7A4F7556}") = "ApplicationCore", "src\UI\ApplicationCore\ApplicationCore.csproj", "{7FED7440-2311-4D1E-958B-3E887C585CD2}"
EndProject
Project("{2150E333-8FDC-42A3-9474-1A3956D46DE8}") = "tests", "tests", "{15EA4737-125B-4E6E-A806-E13B7EBCDCCF}"
EndProject
Project("{9A19103F-16F7-4668-BE54-9A1E7A4F7556}") = "UnitTests", "tests\UnitTests\UnitTests.csproj", "{EF6877E6-59CB-43A7-8C2C-E70DD70CC5B6}"
EndProject
Project("{9A19103F-16F7-4668-BE54-9A1E7A4F7556}") = "IntegrationTests", "tests\IntegrationTests\IntegrationTests.csproj", "{0F576306-7E2D-49B7-87B1-EB5D94CFD5FC}"
EndProject
Project("{9A19103F-16F7-4668-BE54-9A1E7A4F7556}") = "FunctionalTests", "tests\FunctionalTests\FunctionalTests.csproj", "{7EFB5482-F942-4C3D-94B0-9B70596E6D0A}"
EndProject
Project("{2150E333-8FDC-42A3-9474-1A3956D46DE8}") = "Solution Items", "Solution Items", "{0BD72BEA-EF42-4B72-8B69-12A39EC76FBA}"
	ProjectSection(SolutionItems) = preProject
		docker-compose.yml = docker-compose.yml
	EndProjectSection
EndProject
Project("{9A19103F-16F7-4668-BE54-9A1E7A4F7556}") = "Catalog.API", "src\Services\Catalog\Catalog.API\Catalog.API.csproj", "{35868CE5-2ACA-4CE4-A3FA-85E2E3F4F10D}"
EndProject
Project("{9A19103F-16F7-4668-BE54-9A1E7A4F7556}") = "Catalog.FunctionalTests", "src\Services\Catalog\Catalog.FunctionalTests\Catalog.FunctionalTests.csproj", "{1EE6E9A3-837F-4E09-8690-DE4EA3A46CBA}"
EndProject
Project("{9A19103F-16F7-4668-BE54-9A1E7A4F7556}") = "Catalog.UnitTests", "src\Services\Catalog\Catalog.UnitTests\Catalog.UnitTests.csproj", "{FDC975D8-9C9C-41A8-B615-4412C0D2B108}"
EndProject
Project("{9A19103F-16F7-4668-BE54-9A1E7A4F7556}") = "Identity.API", "src\Services\Identity\Identity.API\Identity.API.csproj", "{71928973-61F9-4146-8C95-2FED9D060BBB}"
EndProject
Project("{9A19103F-16F7-4668-BE54-9A1E7A4F7556}") = "CommandBus", "src\Common\CommandBus\CommandBus\CommandBus.csproj", "{EF6645BC-D546-4D26-99DE-E769E709D7DD}"
EndProject
Project("{9A19103F-16F7-4668-BE54-9A1E7A4F7556}") = "CommandBusRabbitMQ", "src\Common\CommandBus\CommandBusRabbitMQ\CommandBusRabbitMQ.csproj", "{233CB958-73B2-4C4A-95D9-27ABD62F7868}"
EndProject
Project("{9A19103F-16F7-4668-BE54-9A1E7A4F7556}") = "EventBus", "src\Common\EventBus\EventBus\EventBus.csproj", "{E8F2CE90-B554-4C9B-BDC7-E12F4B1FC6AC}"
EndProject
Project("{9A19103F-16F7-4668-BE54-9A1E7A4F7556}") = "EventBus.Tests", "src\Common\EventBus\EventBus.Tests\EventBus.Tests.csproj", "{67C3D220-8EF2-487E-8840-73367CBBD476}"
EndProject
Project("{9A19103F-16F7-4668-BE54-9A1E7A4F7556}") = "EventBusRabbitMQ", "src\Common\EventBus\EventBusRabbitMQ\EventBusRabbitMQ.csproj", "{EAA21BB1-BCCB-41A7-9DC0-DCF061F4719F}"
EndProject
Project("{9A19103F-16F7-4668-BE54-9A1E7A4F7556}") = "EventBusServiceBus", "src\Common\EventBus\EventBusServiceBus\EventBusServiceBus.csproj", "{BACA2B27-BA67-49FD-BE69-12F0AA994392}"
EndProject
Project("{9A19103F-16F7-4668-BE54-9A1E7A4F7556}") = "IntegrationEventLogEF", "src\Common\EventBus\IntegrationEventLogEF\IntegrationEventLogEF.csproj", "{446C8CFC-42F1-4014-A224-A42C151B718E}"
EndProject
Project("{9A19103F-16F7-4668-BE54-9A1E7A4F7556}") = "Microsoft.AspNetCore.HealthChecks", "src\Common\HealthChecks\src\Microsoft.AspNetCore.HealthChecks\Microsoft.AspNetCore.HealthChecks.csproj", "{EE3F9057-B4F8-4082-B905-00351CBBD61F}"
EndProject
Project("{9A19103F-16F7-4668-BE54-9A1E7A4F7556}") = "Microsoft.Extensions.HealthChecks", "src\Common\HealthChecks\src\Microsoft.Extensions.HealthChecks\Microsoft.Extensions.HealthChecks.csproj", "{6148F8D2-1013-4B05-B50A-FDA42F07EC08}"
EndProject
Project("{9A19103F-16F7-4668-BE54-9A1E7A4F7556}") = "Microsoft.Extensions.HealthChecks.AzureStorage", "src\Common\HealthChecks\src\Microsoft.Extensions.HealthChecks.AzureStorage\Microsoft.Extensions.HealthChecks.AzureStorage.csproj", "{D7BE6C03-8859-4894-BB61-AFFF5F19F41C}"
EndProject
Project("{9A19103F-16F7-4668-BE54-9A1E7A4F7556}") = "Microsoft.Extensions.HealthChecks.SqlServer", "src\Common\HealthChecks\src\Microsoft.Extensions.HealthChecks.SqlServer\Microsoft.Extensions.HealthChecks.SqlServer.csproj", "{9C591711-37F9-4FBE-ADA2-B2A0BD6864C4}"
EndProject
Project("{9A19103F-16F7-4668-BE54-9A1E7A4F7556}") = "WebHost.Customization", "src\Common\WebHostCustomization\WebHost.Customization\WebHost.Customization.csproj", "{E1DF9872-1740-4765-8AE0-D75F51F6EB3C}"
EndProject
Global
	GlobalSection(SolutionConfigurationPlatforms) = preSolution
		Debug|Any CPU = Debug|Any CPU
		Release|Any CPU = Release|Any CPU
	EndGlobalSection
	GlobalSection(ProjectConfigurationPlatforms) = postSolution
		{7C461394-ABDC-43CD-A798-71249C58BA67}.Debug|Any CPU.ActiveCfg = Debug|Any CPU
		{7C461394-ABDC-43CD-A798-71249C58BA67}.Debug|Any CPU.Build.0 = Debug|Any CPU
		{7C461394-ABDC-43CD-A798-71249C58BA67}.Release|Any CPU.ActiveCfg = Release|Any CPU
		{7C461394-ABDC-43CD-A798-71249C58BA67}.Release|Any CPU.Build.0 = Release|Any CPU
		{9CB6566E-E86A-4C07-BB8D-E0B95BCD4BD2}.Debug|Any CPU.ActiveCfg = Debug|Any CPU
		{9CB6566E-E86A-4C07-BB8D-E0B95BCD4BD2}.Debug|Any CPU.Build.0 = Debug|Any CPU
		{9CB6566E-E86A-4C07-BB8D-E0B95BCD4BD2}.Release|Any CPU.ActiveCfg = Release|Any CPU
		{9CB6566E-E86A-4C07-BB8D-E0B95BCD4BD2}.Release|Any CPU.Build.0 = Release|Any CPU
		{7FED7440-2311-4D1E-958B-3E887C585CD2}.Debug|Any CPU.ActiveCfg = Debug|Any CPU
		{7FED7440-2311-4D1E-958B-3E887C585CD2}.Debug|Any CPU.Build.0 = Debug|Any CPU
		{7FED7440-2311-4D1E-958B-3E887C585CD2}.Release|Any CPU.ActiveCfg = Release|Any CPU
		{7FED7440-2311-4D1E-958B-3E887C585CD2}.Release|Any CPU.Build.0 = Release|Any CPU
		{EF6877E6-59CB-43A7-8C2C-E70DD70CC5B6}.Debug|Any CPU.ActiveCfg = Debug|Any CPU
		{EF6877E6-59CB-43A7-8C2C-E70DD70CC5B6}.Debug|Any CPU.Build.0 = Debug|Any CPU
		{EF6877E6-59CB-43A7-8C2C-E70DD70CC5B6}.Release|Any CPU.ActiveCfg = Release|Any CPU
		{EF6877E6-59CB-43A7-8C2C-E70DD70CC5B6}.Release|Any CPU.Build.0 = Release|Any CPU
		{0F576306-7E2D-49B7-87B1-EB5D94CFD5FC}.Debug|Any CPU.ActiveCfg = Debug|Any CPU
		{0F576306-7E2D-49B7-87B1-EB5D94CFD5FC}.Debug|Any CPU.Build.0 = Debug|Any CPU
		{0F576306-7E2D-49B7-87B1-EB5D94CFD5FC}.Release|Any CPU.ActiveCfg = Release|Any CPU
		{0F576306-7E2D-49B7-87B1-EB5D94CFD5FC}.Release|Any CPU.Build.0 = Release|Any CPU
		{7EFB5482-F942-4C3D-94B0-9B70596E6D0A}.Debug|Any CPU.ActiveCfg = Debug|Any CPU
		{7EFB5482-F942-4C3D-94B0-9B70596E6D0A}.Debug|Any CPU.Build.0 = Debug|Any CPU
		{7EFB5482-F942-4C3D-94B0-9B70596E6D0A}.Release|Any CPU.ActiveCfg = Release|Any CPU
		{7EFB5482-F942-4C3D-94B0-9B70596E6D0A}.Release|Any CPU.Build.0 = Release|Any CPU
		{35868CE5-2ACA-4CE4-A3FA-85E2E3F4F10D}.Debug|Any CPU.ActiveCfg = Debug|Any CPU
		{35868CE5-2ACA-4CE4-A3FA-85E2E3F4F10D}.Debug|Any CPU.Build.0 = Debug|Any CPU
		{35868CE5-2ACA-4CE4-A3FA-85E2E3F4F10D}.Release|Any CPU.ActiveCfg = Release|Any CPU
		{35868CE5-2ACA-4CE4-A3FA-85E2E3F4F10D}.Release|Any CPU.Build.0 = Release|Any CPU
		{1EE6E9A3-837F-4E09-8690-DE4EA3A46CBA}.Debug|Any CPU.ActiveCfg = Debug|Any CPU
		{1EE6E9A3-837F-4E09-8690-DE4EA3A46CBA}.Debug|Any CPU.Build.0 = Debug|Any CPU
		{1EE6E9A3-837F-4E09-8690-DE4EA3A46CBA}.Release|Any CPU.ActiveCfg = Release|Any CPU
		{1EE6E9A3-837F-4E09-8690-DE4EA3A46CBA}.Release|Any CPU.Build.0 = Release|Any CPU
		{FDC975D8-9C9C-41A8-B615-4412C0D2B108}.Debug|Any CPU.ActiveCfg = Debug|Any CPU
		{FDC975D8-9C9C-41A8-B615-4412C0D2B108}.Debug|Any CPU.Build.0 = Debug|Any CPU
		{FDC975D8-9C9C-41A8-B615-4412C0D2B108}.Release|Any CPU.ActiveCfg = Release|Any CPU
		{FDC975D8-9C9C-41A8-B615-4412C0D2B108}.Release|Any CPU.Build.0 = Release|Any CPU
		{71928973-61F9-4146-8C95-2FED9D060BBB}.Debug|Any CPU.ActiveCfg = Debug|Any CPU
		{71928973-61F9-4146-8C95-2FED9D060BBB}.Debug|Any CPU.Build.0 = Debug|Any CPU
		{71928973-61F9-4146-8C95-2FED9D060BBB}.Release|Any CPU.ActiveCfg = Release|Any CPU
		{71928973-61F9-4146-8C95-2FED9D060BBB}.Release|Any CPU.Build.0 = Release|Any CPU
		{EF6645BC-D546-4D26-99DE-E769E709D7DD}.Debug|Any CPU.ActiveCfg = Debug|Any CPU
		{EF6645BC-D546-4D26-99DE-E769E709D7DD}.Debug|Any CPU.Build.0 = Debug|Any CPU
		{EF6645BC-D546-4D26-99DE-E769E709D7DD}.Release|Any CPU.ActiveCfg = Release|Any CPU
		{EF6645BC-D546-4D26-99DE-E769E709D7DD}.Release|Any CPU.Build.0 = Release|Any CPU
		{233CB958-73B2-4C4A-95D9-27ABD62F7868}.Debug|Any CPU.ActiveCfg = Debug|Any CPU
		{233CB958-73B2-4C4A-95D9-27ABD62F7868}.Debug|Any CPU.Build.0 = Debug|Any CPU
		{233CB958-73B2-4C4A-95D9-27ABD62F7868}.Release|Any CPU.ActiveCfg = Release|Any CPU
		{233CB958-73B2-4C4A-95D9-27ABD62F7868}.Release|Any CPU.Build.0 = Release|Any CPU
		{E8F2CE90-B554-4C9B-BDC7-E12F4B1FC6AC}.Debug|Any CPU.ActiveCfg = Debug|Any CPU
		{E8F2CE90-B554-4C9B-BDC7-E12F4B1FC6AC}.Debug|Any CPU.Build.0 = Debug|Any CPU
		{E8F2CE90-B554-4C9B-BDC7-E12F4B1FC6AC}.Release|Any CPU.ActiveCfg = Release|Any CPU
		{E8F2CE90-B554-4C9B-BDC7-E12F4B1FC6AC}.Release|Any CPU.Build.0 = Release|Any CPU
		{67C3D220-8EF2-487E-8840-73367CBBD476}.Debug|Any CPU.ActiveCfg = Debug|Any CPU
		{67C3D220-8EF2-487E-8840-73367CBBD476}.Debug|Any CPU.Build.0 = Debug|Any CPU
		{67C3D220-8EF2-487E-8840-73367CBBD476}.Release|Any CPU.ActiveCfg = Release|Any CPU
		{67C3D220-8EF2-487E-8840-73367CBBD476}.Release|Any CPU.Build.0 = Release|Any CPU
		{EAA21BB1-BCCB-41A7-9DC0-DCF061F4719F}.Debug|Any CPU.ActiveCfg = Debug|Any CPU
		{EAA21BB1-BCCB-41A7-9DC0-DCF061F4719F}.Debug|Any CPU.Build.0 = Debug|Any CPU
		{EAA21BB1-BCCB-41A7-9DC0-DCF061F4719F}.Release|Any CPU.ActiveCfg = Release|Any CPU
		{EAA21BB1-BCCB-41A7-9DC0-DCF061F4719F}.Release|Any CPU.Build.0 = Release|Any CPU
		{BACA2B27-BA67-49FD-BE69-12F0AA994392}.Debug|Any CPU.ActiveCfg = Debug|Any CPU
		{BACA2B27-BA67-49FD-BE69-12F0AA994392}.Debug|Any CPU.Build.0 = Debug|Any CPU
		{BACA2B27-BA67-49FD-BE69-12F0AA994392}.Release|Any CPU.ActiveCfg = Release|Any CPU
		{BACA2B27-BA67-49FD-BE69-12F0AA994392}.Release|Any CPU.Build.0 = Release|Any CPU
		{446C8CFC-42F1-4014-A224-A42C151B718E}.Debug|Any CPU.ActiveCfg = Debug|Any CPU
		{446C8CFC-42F1-4014-A224-A42C151B718E}.Debug|Any CPU.Build.0 = Debug|Any CPU
		{446C8CFC-42F1-4014-A224-A42C151B718E}.Release|Any CPU.ActiveCfg = Release|Any CPU
		{446C8CFC-42F1-4014-A224-A42C151B718E}.Release|Any CPU.Build.0 = Release|Any CPU
		{EE3F9057-B4F8-4082-B905-00351CBBD61F}.Debug|Any CPU.ActiveCfg = Debug|Any CPU
		{EE3F9057-B4F8-4082-B905-00351CBBD61F}.Debug|Any CPU.Build.0 = Debug|Any CPU
		{EE3F9057-B4F8-4082-B905-00351CBBD61F}.Release|Any CPU.ActiveCfg = Release|Any CPU
		{EE3F9057-B4F8-4082-B905-00351CBBD61F}.Release|Any CPU.Build.0 = Release|Any CPU
		{6148F8D2-1013-4B05-B50A-FDA42F07EC08}.Debug|Any CPU.ActiveCfg = Debug|Any CPU
		{6148F8D2-1013-4B05-B50A-FDA42F07EC08}.Debug|Any CPU.Build.0 = Debug|Any CPU
		{6148F8D2-1013-4B05-B50A-FDA42F07EC08}.Release|Any CPU.ActiveCfg = Release|Any CPU
		{6148F8D2-1013-4B05-B50A-FDA42F07EC08}.Release|Any CPU.Build.0 = Release|Any CPU
		{D7BE6C03-8859-4894-BB61-AFFF5F19F41C}.Debug|Any CPU.ActiveCfg = Debug|Any CPU
		{D7BE6C03-8859-4894-BB61-AFFF5F19F41C}.Debug|Any CPU.Build.0 = Debug|Any CPU
		{D7BE6C03-8859-4894-BB61-AFFF5F19F41C}.Release|Any CPU.ActiveCfg = Release|Any CPU
		{D7BE6C03-8859-4894-BB61-AFFF5F19F41C}.Release|Any CPU.Build.0 = Release|Any CPU
		{9C591711-37F9-4FBE-ADA2-B2A0BD6864C4}.Debug|Any CPU.ActiveCfg = Debug|Any CPU
		{9C591711-37F9-4FBE-ADA2-B2A0BD6864C4}.Debug|Any CPU.Build.0 = Debug|Any CPU
		{9C591711-37F9-4FBE-ADA2-B2A0BD6864C4}.Release|Any CPU.ActiveCfg = Release|Any CPU
		{9C591711-37F9-4FBE-ADA2-B2A0BD6864C4}.Release|Any CPU.Build.0 = Release|Any CPU
		{E1DF9872-1740-4765-8AE0-D75F51F6EB3C}.Debug|Any CPU.ActiveCfg = Debug|Any CPU
		{E1DF9872-1740-4765-8AE0-D75F51F6EB3C}.Debug|Any CPU.Build.0 = Debug|Any CPU
		{E1DF9872-1740-4765-8AE0-D75F51F6EB3C}.Release|Any CPU.ActiveCfg = Release|Any CPU
		{E1DF9872-1740-4765-8AE0-D75F51F6EB3C}.Release|Any CPU.Build.0 = Release|Any CPU
	EndGlobalSection
	GlobalSection(SolutionProperties) = preSolution
		HideSolutionNode = FALSE
	EndGlobalSection
	GlobalSection(NestedProjects) = preSolution
		{7C461394-ABDC-43CD-A798-71249C58BA67} = {419A6ACE-0419-4315-A6FB-B0E63D39432E}
		{9CB6566E-E86A-4C07-BB8D-E0B95BCD4BD2} = {419A6ACE-0419-4315-A6FB-B0E63D39432E}
		{7FED7440-2311-4D1E-958B-3E887C585CD2} = {419A6ACE-0419-4315-A6FB-B0E63D39432E}
		{EF6877E6-59CB-43A7-8C2C-E70DD70CC5B6} = {15EA4737-125B-4E6E-A806-E13B7EBCDCCF}
		{0F576306-7E2D-49B7-87B1-EB5D94CFD5FC} = {15EA4737-125B-4E6E-A806-E13B7EBCDCCF}
		{7EFB5482-F942-4C3D-94B0-9B70596E6D0A} = {15EA4737-125B-4E6E-A806-E13B7EBCDCCF}
		{35868CE5-2ACA-4CE4-A3FA-85E2E3F4F10D} = {419A6ACE-0419-4315-A6FB-B0E63D39432E}
		{1EE6E9A3-837F-4E09-8690-DE4EA3A46CBA} = {419A6ACE-0419-4315-A6FB-B0E63D39432E}
		{FDC975D8-9C9C-41A8-B615-4412C0D2B108} = {419A6ACE-0419-4315-A6FB-B0E63D39432E}
		{71928973-61F9-4146-8C95-2FED9D060BBB} = {419A6ACE-0419-4315-A6FB-B0E63D39432E}
		{EF6645BC-D546-4D26-99DE-E769E709D7DD} = {419A6ACE-0419-4315-A6FB-B0E63D39432E}
		{233CB958-73B2-4C4A-95D9-27ABD62F7868} = {419A6ACE-0419-4315-A6FB-B0E63D39432E}
		{E8F2CE90-B554-4C9B-BDC7-E12F4B1FC6AC} = {419A6ACE-0419-4315-A6FB-B0E63D39432E}
		{67C3D220-8EF2-487E-8840-73367CBBD476} = {419A6ACE-0419-4315-A6FB-B0E63D39432E}
		{EAA21BB1-BCCB-41A7-9DC0-DCF061F4719F} = {419A6ACE-0419-4315-A6FB-B0E63D39432E}
		{BACA2B27-BA67-49FD-BE69-12F0AA994392} = {419A6ACE-0419-4315-A6FB-B0E63D39432E}
		{446C8CFC-42F1-4014-A224-A42C151B718E} = {419A6ACE-0419-4315-A6FB-B0E63D39432E}
		{EE3F9057-B4F8-4082-B905-00351CBBD61F} = {419A6ACE-0419-4315-A6FB-B0E63D39432E}
		{6148F8D2-1013-4B05-B50A-FDA42F07EC08} = {419A6ACE-0419-4315-A6FB-B0E63D39432E}
		{D7BE6C03-8859-4894-BB61-AFFF5F19F41C} = {419A6ACE-0419-4315-A6FB-B0E63D39432E}
		{9C591711-37F9-4FBE-ADA2-B2A0BD6864C4} = {419A6ACE-0419-4315-A6FB-B0E63D39432E}
		{E1DF9872-1740-4765-8AE0-D75F51F6EB3C} = {419A6ACE-0419-4315-A6FB-B0E63D39432E}
	EndGlobalSection
	GlobalSection(ExtensibilityGlobals) = postSolution
		SolutionGuid = {49813262-5DA3-4D61-ABD3-493C74CE8C2B}
	EndGlobalSection
EndGlobal
